
Microsoft Visual Studio Solution File, Format Version 12.00
# Visual Studio Version 17
VisualStudioVersion = 17.3.32929.385
MinimumVisualStudioVersion = 10.0.40219.1
Project("{2150E333-8FDC-42A3-9474-1A3956D46DE8}") = "Edaml.Libraries", "Edaml.Libraries", "{6DC10C52-A152-43FE-AEF7-F892389FDDB2}"
EndProject
Project("{2150E333-8FDC-42A3-9474-1A3956D46DE8}") = "Edam.System", "Edam.System", "{11A2C6EE-E878-41E8-B922-E4218FD1AA74}"
EndProject
Project("{9A19103F-16F7-4668-BE54-9A1E7A4F7556}") = "Edam.System", "Edam.Libraries\Edam.System\Edam.System\Edam.System.csproj", "{98A34666-5A29-4E26-9B6D-25871219A8F2}"
EndProject
Project("{9A19103F-16F7-4668-BE54-9A1E7A4F7556}") = "Edam.Security", "Edam.Libraries\Edam.System\Edam.Security\Edam.Security.csproj", "{EAB6FD38-2762-40E3-A771-955C2B0F2971}"
EndProject
Project("{9A19103F-16F7-4668-BE54-9A1E7A4F7556}") = "Edam.Net", "Edam.Libraries\Edam.System\Edam.Net\Edam.Net.csproj", "{82BE3CFC-57FF-4F80-9F3E-B333B5AC7EC9}"
EndProject
Project("{9A19103F-16F7-4668-BE54-9A1E7A4F7556}") = "Edam.Help", "Edam.Libraries\Edam.System\Edam.Help\Edam.Help.csproj", "{355B43E3-DE03-4397-BEA0-2FF4CC6A9FB9}"
EndProject
Project("{2150E333-8FDC-42A3-9474-1A3956D46DE8}") = "Edam.Data", "Edam.Data", "{4792D713-3864-42DE-8DCA-F0DD3006C9B0}"
EndProject
Project("{9A19103F-16F7-4668-BE54-9A1E7A4F7556}") = "Edam.DataObjects", "Edam.Libraries\Edam.Data\Edam.DataObjects\Edam.DataObjects.csproj", "{0EA17924-792F-48B5-B107-495FFE3727B8}"
EndProject
Project("{9A19103F-16F7-4668-BE54-9A1E7A4F7556}") = "Edam.Data.Assets", "Edam.Libraries\Edam.Data\Edam.Data.Assets\Edam.Data.Assets.csproj", "{880F2E36-14A4-40C3-89D6-735556024F17}"
EndProject
Project("{9A19103F-16F7-4668-BE54-9A1E7A4F7556}") = "Edam.Data.Templates", "Edam.Libraries\Edam.Data\Edam.Data.Templates\Edam.Data.Templates.csproj", "{DE24052A-4EED-43B0-A4FC-A7B2D31D26C1}"
EndProject
Project("{9A19103F-16F7-4668-BE54-9A1E7A4F7556}") = "Edam.Data.Asset.Services", "Edam.Libraries\Edam.Data\Edam.Data.Assets.Services\Edam.Data.Asset.Services.csproj", "{22B15792-17DC-4C22-B585-8682810AE25A}"
EndProject
Project("{9A19103F-16F7-4668-BE54-9A1E7A4F7556}") = "Edam.Json", "Edam.Libraries\Edam.Data\Edam.Json\Edam.Json.csproj", "{E9178F9A-8855-4A3F-815F-FCDA8D1E34BD}"
EndProject
Project("{9A19103F-16F7-4668-BE54-9A1E7A4F7556}") = "Edam.Data.Schema", "Edam.Libraries\Edam.Data\Edam.Data.Schema\Edam.Data.Schema.csproj", "{06B349C2-1C5D-4BFC-8971-059FDF77704C}"
EndProject
Project("{9A19103F-16F7-4668-BE54-9A1E7A4F7556}") = "Edam.Data.AssetDb", "Edam.Libraries\Edam.Data\Edam.Data.AssetDb\Edam.Data.AssetDb.csproj", "{0A6BF291-F990-41DF-BCCF-DBCAC3ED87E5}"
EndProject
Project("{9A19103F-16F7-4668-BE54-9A1E7A4F7556}") = "Edam.Xml", "Edam.Libraries\Edam.Data\Edam.Xml\Edam.Xml.csproj", "{BAA249ED-9A1A-4A62-8DAC-7A2940639B7D}"
EndProject
Project("{9A19103F-16F7-4668-BE54-9A1E7A4F7556}") = "Edam.Gsql", "Edam.Libraries\Edam.Data\Edam.Gsql\Edam.Gsql.csproj", "{F3539ECB-29F9-4B4E-9586-E836BBC212D6}"
EndProject
Project("{9A19103F-16F7-4668-BE54-9A1E7A4F7556}") = "Edam.B2b", "Edam.Libraries\Edam.Data\Edam.B2b\Edam.B2b.csproj", "{5D52CCEA-1F4E-4AA7-B152-AD34A6AAE123}"
EndProject
Project("{2150E333-8FDC-42A3-9474-1A3956D46DE8}") = "Edam.UI", "Edam.UI", "{57D6178F-C05D-4CA2-988E-EB5E299DCCA8}"
EndProject
Project("{9A19103F-16F7-4668-BE54-9A1E7A4F7556}") = "Edam.UI", "Edam.Libraries\Edam.UI\Edam.UI\Edam.UI.csproj", "{4B00E1F6-3180-4B11-ABC4-7848AB37850A}"
EndProject
Project("{9A19103F-16F7-4668-BE54-9A1E7A4F7556}") = "Edam.UI.DataModel", "Edam.Libraries\Edam.UI\Edam.UI.DataModel\Edam.UI.DataModel.csproj", "{3B9790C9-98A2-474E-9CF3-8AC8449942A9}"
EndProject
Project("{9A19103F-16F7-4668-BE54-9A1E7A4F7556}") = "Edam.WinUI.Controls", "Edam.Libraries\Edam.UI\Edam.Xaml\Edam.WinUI.Controls\Edam.WinUI.Controls.csproj", "{B87882AE-3CB0-488A-B14B-295098B2CE80}"
EndProject
Project("{9A19103F-16F7-4668-BE54-9A1E7A4F7556}") = "Edam.Data.AssetMapping", "Edam.Libraries\Edam.Data\Edam.Data.AssetMapping\Edam.Data.AssetMapping.csproj", "{3ADCFAB9-5271-4073-A2CC-2CBF0360D23B}"
EndProject
Project("{9A19103F-16F7-4668-BE54-9A1E7A4F7556}") = "Edam.Studio", "Edam.Consoles\Edam.Studio\Edam.Studio.csproj", "{A865CE5B-FFE2-46E5-B23E-E3EA233E0D70}"
EndProject
Project("{2150E333-8FDC-42A3-9474-1A3956D46DE8}") = "Edam.Tests", "Edam.Tests", "{5D40A1B6-8B4B-445D-87BC-851E8796E44F}"
EndProject
Project("{9A19103F-16F7-4668-BE54-9A1E7A4F7556}") = "Edam.Test.Library", "Edam.Tests\Edam.Test..Library\Edam.Test.Library.csproj", "{39C819E8-E358-4F0F-9FC1-0788C25A74A1}"
EndProject
Project("{9A19103F-16F7-4668-BE54-9A1E7A4F7556}") = "Edam.Test.Json", "Edam.Tests\Edam.Test.Json\Edam.Test.Json.csproj", "{2B295F6C-E07C-4CB6-A2AB-8E745CB7DD30}"
EndProject
Project("{9A19103F-16F7-4668-BE54-9A1E7A4F7556}") = "Edam.Test.Xsd", "Edam.Tests\Edam.Test.Xsd\Edam.Test.Xsd.csproj", "{179D1513-AF88-4F73-843E-9899AD68CB5D}"
EndProject
Project("{9A19103F-16F7-4668-BE54-9A1E7A4F7556}") = "Edam.Test.Ddl", "Edam.Tests\Edam.Test.Ddl\Edam.Test.Ddl.csproj", "{E4637672-69CC-4498-88F6-EE67A9F2BDD4}"
EndProject
Project("{9A19103F-16F7-4668-BE54-9A1E7A4F7556}") = "Edam.Test.BookItemProcessor", "Edam.Tests\Edam.Test.BookItemProcessor\Edam.Test.BookItemProcessor.csproj", "{AF34DB5A-E23F-47BB-A7EB-E93B2A6714E4}"
EndProject
Project("{2150E333-8FDC-42A3-9474-1A3956D46DE8}") = "Edam.Application", "Edam.Application", "{1E317B1C-E9AA-4E61-AB15-A9B01A7A055E}"
EndProject
Project("{9A19103F-16F7-4668-BE54-9A1E7A4F7556}") = "Edam.Application", "Edam.Libraries\Edam.Application\Edam.Application\Edam.Application.csproj", "{536E9F9D-0C7B-489E-9557-5D39D63A8BD7}"
EndProject
Project("{9A19103F-16F7-4668-BE54-9A1E7A4F7556}") = "Edam.Test.OpenXml.Word", "Edam.Tests\Edam.Test.OpenXml.Word\Edam.Test.OpenXml.Word.csproj", "{9CC05969-E571-4ECE-A5CC-730954B60B2B}"
EndProject
Project("{2150E333-8FDC-42A3-9474-1A3956D46DE8}") = "Edam.Connectors", "Edam.Connectors", "{A30CA6BF-B6FC-4B49-8F92-6CD9DC187634}"
EndProject
Project("{9A19103F-16F7-4668-BE54-9A1E7A4F7556}") = "Edam.Connector.Atlas", "Edam.Connectors\Edam.Connector.Atlas\Edam.Connector.Atlas.csproj", "{49209539-44BB-4EF8-AF6C-20D778E739F7}"
EndProject
Project("{FAE04EC0-301F-11D3-BF4B-00C04F79EFBC}") = "Edam.Test.Apache.Atlas", "Edam.Tests\Edam.Test.Apache.Atlas\Edam.Test.Apache.Atlas.csproj", "{3FE590C4-F75F-484D-A40D-37F898371CC7}"
EndProject
Global
	GlobalSection(SolutionConfigurationPlatforms) = preSolution
		Debug|Any CPU = Debug|Any CPU
		Debug|arm64 = Debug|arm64
		Debug|x64 = Debug|x64
		Debug|x86 = Debug|x86
		Release|Any CPU = Release|Any CPU
		Release|arm64 = Release|arm64
		Release|x64 = Release|x64
		Release|x86 = Release|x86
	EndGlobalSection
	GlobalSection(ProjectConfigurationPlatforms) = postSolution
		{98A34666-5A29-4E26-9B6D-25871219A8F2}.Debug|Any CPU.ActiveCfg = Debug|Any CPU
		{98A34666-5A29-4E26-9B6D-25871219A8F2}.Debug|Any CPU.Build.0 = Debug|Any CPU
		{98A34666-5A29-4E26-9B6D-25871219A8F2}.Debug|arm64.ActiveCfg = Debug|Any CPU
		{98A34666-5A29-4E26-9B6D-25871219A8F2}.Debug|arm64.Build.0 = Debug|Any CPU
		{98A34666-5A29-4E26-9B6D-25871219A8F2}.Debug|x64.ActiveCfg = Debug|Any CPU
		{98A34666-5A29-4E26-9B6D-25871219A8F2}.Debug|x64.Build.0 = Debug|Any CPU
		{98A34666-5A29-4E26-9B6D-25871219A8F2}.Debug|x86.ActiveCfg = Debug|Any CPU
		{98A34666-5A29-4E26-9B6D-25871219A8F2}.Debug|x86.Build.0 = Debug|Any CPU
		{98A34666-5A29-4E26-9B6D-25871219A8F2}.Release|Any CPU.ActiveCfg = Release|Any CPU
		{98A34666-5A29-4E26-9B6D-25871219A8F2}.Release|Any CPU.Build.0 = Release|Any CPU
		{98A34666-5A29-4E26-9B6D-25871219A8F2}.Release|arm64.ActiveCfg = Release|Any CPU
		{98A34666-5A29-4E26-9B6D-25871219A8F2}.Release|arm64.Build.0 = Release|Any CPU
		{98A34666-5A29-4E26-9B6D-25871219A8F2}.Release|x64.ActiveCfg = Release|Any CPU
		{98A34666-5A29-4E26-9B6D-25871219A8F2}.Release|x64.Build.0 = Release|Any CPU
		{98A34666-5A29-4E26-9B6D-25871219A8F2}.Release|x86.ActiveCfg = Release|Any CPU
		{98A34666-5A29-4E26-9B6D-25871219A8F2}.Release|x86.Build.0 = Release|Any CPU
		{EAB6FD38-2762-40E3-A771-955C2B0F2971}.Debug|Any CPU.ActiveCfg = Debug|Any CPU
		{EAB6FD38-2762-40E3-A771-955C2B0F2971}.Debug|Any CPU.Build.0 = Debug|Any CPU
		{EAB6FD38-2762-40E3-A771-955C2B0F2971}.Debug|arm64.ActiveCfg = Debug|Any CPU
		{EAB6FD38-2762-40E3-A771-955C2B0F2971}.Debug|arm64.Build.0 = Debug|Any CPU
		{EAB6FD38-2762-40E3-A771-955C2B0F2971}.Debug|x64.ActiveCfg = Debug|Any CPU
		{EAB6FD38-2762-40E3-A771-955C2B0F2971}.Debug|x64.Build.0 = Debug|Any CPU
		{EAB6FD38-2762-40E3-A771-955C2B0F2971}.Debug|x86.ActiveCfg = Debug|Any CPU
		{EAB6FD38-2762-40E3-A771-955C2B0F2971}.Debug|x86.Build.0 = Debug|Any CPU
		{EAB6FD38-2762-40E3-A771-955C2B0F2971}.Release|Any CPU.ActiveCfg = Release|Any CPU
		{EAB6FD38-2762-40E3-A771-955C2B0F2971}.Release|Any CPU.Build.0 = Release|Any CPU
		{EAB6FD38-2762-40E3-A771-955C2B0F2971}.Release|arm64.ActiveCfg = Release|Any CPU
		{EAB6FD38-2762-40E3-A771-955C2B0F2971}.Release|arm64.Build.0 = Release|Any CPU
		{EAB6FD38-2762-40E3-A771-955C2B0F2971}.Release|x64.ActiveCfg = Release|Any CPU
		{EAB6FD38-2762-40E3-A771-955C2B0F2971}.Release|x64.Build.0 = Release|Any CPU
		{EAB6FD38-2762-40E3-A771-955C2B0F2971}.Release|x86.ActiveCfg = Release|Any CPU
		{EAB6FD38-2762-40E3-A771-955C2B0F2971}.Release|x86.Build.0 = Release|Any CPU
		{82BE3CFC-57FF-4F80-9F3E-B333B5AC7EC9}.Debug|Any CPU.ActiveCfg = Debug|Any CPU
		{82BE3CFC-57FF-4F80-9F3E-B333B5AC7EC9}.Debug|Any CPU.Build.0 = Debug|Any CPU
		{82BE3CFC-57FF-4F80-9F3E-B333B5AC7EC9}.Debug|arm64.ActiveCfg = Debug|Any CPU
		{82BE3CFC-57FF-4F80-9F3E-B333B5AC7EC9}.Debug|arm64.Build.0 = Debug|Any CPU
		{82BE3CFC-57FF-4F80-9F3E-B333B5AC7EC9}.Debug|x64.ActiveCfg = Debug|Any CPU
		{82BE3CFC-57FF-4F80-9F3E-B333B5AC7EC9}.Debug|x64.Build.0 = Debug|Any CPU
		{82BE3CFC-57FF-4F80-9F3E-B333B5AC7EC9}.Debug|x86.ActiveCfg = Debug|Any CPU
		{82BE3CFC-57FF-4F80-9F3E-B333B5AC7EC9}.Debug|x86.Build.0 = Debug|Any CPU
		{82BE3CFC-57FF-4F80-9F3E-B333B5AC7EC9}.Release|Any CPU.ActiveCfg = Release|Any CPU
		{82BE3CFC-57FF-4F80-9F3E-B333B5AC7EC9}.Release|Any CPU.Build.0 = Release|Any CPU
		{82BE3CFC-57FF-4F80-9F3E-B333B5AC7EC9}.Release|arm64.ActiveCfg = Release|Any CPU
		{82BE3CFC-57FF-4F80-9F3E-B333B5AC7EC9}.Release|arm64.Build.0 = Release|Any CPU
		{82BE3CFC-57FF-4F80-9F3E-B333B5AC7EC9}.Release|x64.ActiveCfg = Release|Any CPU
		{82BE3CFC-57FF-4F80-9F3E-B333B5AC7EC9}.Release|x64.Build.0 = Release|Any CPU
		{82BE3CFC-57FF-4F80-9F3E-B333B5AC7EC9}.Release|x86.ActiveCfg = Release|Any CPU
		{82BE3CFC-57FF-4F80-9F3E-B333B5AC7EC9}.Release|x86.Build.0 = Release|Any CPU
		{355B43E3-DE03-4397-BEA0-2FF4CC6A9FB9}.Debug|Any CPU.ActiveCfg = Debug|Any CPU
		{355B43E3-DE03-4397-BEA0-2FF4CC6A9FB9}.Debug|Any CPU.Build.0 = Debug|Any CPU
		{355B43E3-DE03-4397-BEA0-2FF4CC6A9FB9}.Debug|arm64.ActiveCfg = Debug|Any CPU
		{355B43E3-DE03-4397-BEA0-2FF4CC6A9FB9}.Debug|arm64.Build.0 = Debug|Any CPU
		{355B43E3-DE03-4397-BEA0-2FF4CC6A9FB9}.Debug|x64.ActiveCfg = Debug|Any CPU
		{355B43E3-DE03-4397-BEA0-2FF4CC6A9FB9}.Debug|x64.Build.0 = Debug|Any CPU
		{355B43E3-DE03-4397-BEA0-2FF4CC6A9FB9}.Debug|x86.ActiveCfg = Debug|Any CPU
		{355B43E3-DE03-4397-BEA0-2FF4CC6A9FB9}.Debug|x86.Build.0 = Debug|Any CPU
		{355B43E3-DE03-4397-BEA0-2FF4CC6A9FB9}.Release|Any CPU.ActiveCfg = Release|Any CPU
		{355B43E3-DE03-4397-BEA0-2FF4CC6A9FB9}.Release|Any CPU.Build.0 = Release|Any CPU
		{355B43E3-DE03-4397-BEA0-2FF4CC6A9FB9}.Release|arm64.ActiveCfg = Release|Any CPU
		{355B43E3-DE03-4397-BEA0-2FF4CC6A9FB9}.Release|arm64.Build.0 = Release|Any CPU
		{355B43E3-DE03-4397-BEA0-2FF4CC6A9FB9}.Release|x64.ActiveCfg = Release|Any CPU
		{355B43E3-DE03-4397-BEA0-2FF4CC6A9FB9}.Release|x64.Build.0 = Release|Any CPU
		{355B43E3-DE03-4397-BEA0-2FF4CC6A9FB9}.Release|x86.ActiveCfg = Release|Any CPU
		{355B43E3-DE03-4397-BEA0-2FF4CC6A9FB9}.Release|x86.Build.0 = Release|Any CPU
		{0EA17924-792F-48B5-B107-495FFE3727B8}.Debug|Any CPU.ActiveCfg = Debug|Any CPU
		{0EA17924-792F-48B5-B107-495FFE3727B8}.Debug|Any CPU.Build.0 = Debug|Any CPU
		{0EA17924-792F-48B5-B107-495FFE3727B8}.Debug|arm64.ActiveCfg = Debug|Any CPU
		{0EA17924-792F-48B5-B107-495FFE3727B8}.Debug|arm64.Build.0 = Debug|Any CPU
		{0EA17924-792F-48B5-B107-495FFE3727B8}.Debug|x64.ActiveCfg = Debug|Any CPU
		{0EA17924-792F-48B5-B107-495FFE3727B8}.Debug|x64.Build.0 = Debug|Any CPU
		{0EA17924-792F-48B5-B107-495FFE3727B8}.Debug|x86.ActiveCfg = Debug|Any CPU
		{0EA17924-792F-48B5-B107-495FFE3727B8}.Debug|x86.Build.0 = Debug|Any CPU
		{0EA17924-792F-48B5-B107-495FFE3727B8}.Release|Any CPU.ActiveCfg = Release|Any CPU
		{0EA17924-792F-48B5-B107-495FFE3727B8}.Release|Any CPU.Build.0 = Release|Any CPU
		{0EA17924-792F-48B5-B107-495FFE3727B8}.Release|arm64.ActiveCfg = Release|Any CPU
		{0EA17924-792F-48B5-B107-495FFE3727B8}.Release|arm64.Build.0 = Release|Any CPU
		{0EA17924-792F-48B5-B107-495FFE3727B8}.Release|x64.ActiveCfg = Release|Any CPU
		{0EA17924-792F-48B5-B107-495FFE3727B8}.Release|x64.Build.0 = Release|Any CPU
		{0EA17924-792F-48B5-B107-495FFE3727B8}.Release|x86.ActiveCfg = Release|Any CPU
		{0EA17924-792F-48B5-B107-495FFE3727B8}.Release|x86.Build.0 = Release|Any CPU
		{880F2E36-14A4-40C3-89D6-735556024F17}.Debug|Any CPU.ActiveCfg = Debug|Any CPU
		{880F2E36-14A4-40C3-89D6-735556024F17}.Debug|Any CPU.Build.0 = Debug|Any CPU
		{880F2E36-14A4-40C3-89D6-735556024F17}.Debug|arm64.ActiveCfg = Debug|Any CPU
		{880F2E36-14A4-40C3-89D6-735556024F17}.Debug|arm64.Build.0 = Debug|Any CPU
		{880F2E36-14A4-40C3-89D6-735556024F17}.Debug|x64.ActiveCfg = Debug|Any CPU
		{880F2E36-14A4-40C3-89D6-735556024F17}.Debug|x64.Build.0 = Debug|Any CPU
		{880F2E36-14A4-40C3-89D6-735556024F17}.Debug|x86.ActiveCfg = Debug|Any CPU
		{880F2E36-14A4-40C3-89D6-735556024F17}.Debug|x86.Build.0 = Debug|Any CPU
		{880F2E36-14A4-40C3-89D6-735556024F17}.Release|Any CPU.ActiveCfg = Release|Any CPU
		{880F2E36-14A4-40C3-89D6-735556024F17}.Release|Any CPU.Build.0 = Release|Any CPU
		{880F2E36-14A4-40C3-89D6-735556024F17}.Release|arm64.ActiveCfg = Release|Any CPU
		{880F2E36-14A4-40C3-89D6-735556024F17}.Release|arm64.Build.0 = Release|Any CPU
		{880F2E36-14A4-40C3-89D6-735556024F17}.Release|x64.ActiveCfg = Release|Any CPU
		{880F2E36-14A4-40C3-89D6-735556024F17}.Release|x64.Build.0 = Release|Any CPU
		{880F2E36-14A4-40C3-89D6-735556024F17}.Release|x86.ActiveCfg = Release|Any CPU
		{880F2E36-14A4-40C3-89D6-735556024F17}.Release|x86.Build.0 = Release|Any CPU
		{DE24052A-4EED-43B0-A4FC-A7B2D31D26C1}.Debug|Any CPU.ActiveCfg = Debug|Any CPU
		{DE24052A-4EED-43B0-A4FC-A7B2D31D26C1}.Debug|Any CPU.Build.0 = Debug|Any CPU
		{DE24052A-4EED-43B0-A4FC-A7B2D31D26C1}.Debug|arm64.ActiveCfg = Debug|Any CPU
		{DE24052A-4EED-43B0-A4FC-A7B2D31D26C1}.Debug|arm64.Build.0 = Debug|Any CPU
		{DE24052A-4EED-43B0-A4FC-A7B2D31D26C1}.Debug|x64.ActiveCfg = Debug|Any CPU
		{DE24052A-4EED-43B0-A4FC-A7B2D31D26C1}.Debug|x64.Build.0 = Debug|Any CPU
		{DE24052A-4EED-43B0-A4FC-A7B2D31D26C1}.Debug|x86.ActiveCfg = Debug|Any CPU
		{DE24052A-4EED-43B0-A4FC-A7B2D31D26C1}.Debug|x86.Build.0 = Debug|Any CPU
		{DE24052A-4EED-43B0-A4FC-A7B2D31D26C1}.Release|Any CPU.ActiveCfg = Release|Any CPU
		{DE24052A-4EED-43B0-A4FC-A7B2D31D26C1}.Release|Any CPU.Build.0 = Release|Any CPU
		{DE24052A-4EED-43B0-A4FC-A7B2D31D26C1}.Release|arm64.ActiveCfg = Release|Any CPU
		{DE24052A-4EED-43B0-A4FC-A7B2D31D26C1}.Release|arm64.Build.0 = Release|Any CPU
		{DE24052A-4EED-43B0-A4FC-A7B2D31D26C1}.Release|x64.ActiveCfg = Release|Any CPU
		{DE24052A-4EED-43B0-A4FC-A7B2D31D26C1}.Release|x64.Build.0 = Release|Any CPU
		{DE24052A-4EED-43B0-A4FC-A7B2D31D26C1}.Release|x86.ActiveCfg = Release|Any CPU
		{DE24052A-4EED-43B0-A4FC-A7B2D31D26C1}.Release|x86.Build.0 = Release|Any CPU
		{22B15792-17DC-4C22-B585-8682810AE25A}.Debug|Any CPU.ActiveCfg = Debug|Any CPU
		{22B15792-17DC-4C22-B585-8682810AE25A}.Debug|Any CPU.Build.0 = Debug|Any CPU
		{22B15792-17DC-4C22-B585-8682810AE25A}.Debug|arm64.ActiveCfg = Debug|Any CPU
		{22B15792-17DC-4C22-B585-8682810AE25A}.Debug|arm64.Build.0 = Debug|Any CPU
		{22B15792-17DC-4C22-B585-8682810AE25A}.Debug|x64.ActiveCfg = Debug|Any CPU
		{22B15792-17DC-4C22-B585-8682810AE25A}.Debug|x64.Build.0 = Debug|Any CPU
		{22B15792-17DC-4C22-B585-8682810AE25A}.Debug|x86.ActiveCfg = Debug|Any CPU
		{22B15792-17DC-4C22-B585-8682810AE25A}.Debug|x86.Build.0 = Debug|Any CPU
		{22B15792-17DC-4C22-B585-8682810AE25A}.Release|Any CPU.ActiveCfg = Release|Any CPU
		{22B15792-17DC-4C22-B585-8682810AE25A}.Release|Any CPU.Build.0 = Release|Any CPU
		{22B15792-17DC-4C22-B585-8682810AE25A}.Release|arm64.ActiveCfg = Release|Any CPU
		{22B15792-17DC-4C22-B585-8682810AE25A}.Release|arm64.Build.0 = Release|Any CPU
		{22B15792-17DC-4C22-B585-8682810AE25A}.Release|x64.ActiveCfg = Release|Any CPU
		{22B15792-17DC-4C22-B585-8682810AE25A}.Release|x64.Build.0 = Release|Any CPU
		{22B15792-17DC-4C22-B585-8682810AE25A}.Release|x86.ActiveCfg = Release|Any CPU
		{22B15792-17DC-4C22-B585-8682810AE25A}.Release|x86.Build.0 = Release|Any CPU
		{E9178F9A-8855-4A3F-815F-FCDA8D1E34BD}.Debug|Any CPU.ActiveCfg = Debug|Any CPU
		{E9178F9A-8855-4A3F-815F-FCDA8D1E34BD}.Debug|Any CPU.Build.0 = Debug|Any CPU
		{E9178F9A-8855-4A3F-815F-FCDA8D1E34BD}.Debug|arm64.ActiveCfg = Debug|Any CPU
		{E9178F9A-8855-4A3F-815F-FCDA8D1E34BD}.Debug|arm64.Build.0 = Debug|Any CPU
		{E9178F9A-8855-4A3F-815F-FCDA8D1E34BD}.Debug|x64.ActiveCfg = Debug|Any CPU
		{E9178F9A-8855-4A3F-815F-FCDA8D1E34BD}.Debug|x64.Build.0 = Debug|Any CPU
		{E9178F9A-8855-4A3F-815F-FCDA8D1E34BD}.Debug|x86.ActiveCfg = Debug|Any CPU
		{E9178F9A-8855-4A3F-815F-FCDA8D1E34BD}.Debug|x86.Build.0 = Debug|Any CPU
		{E9178F9A-8855-4A3F-815F-FCDA8D1E34BD}.Release|Any CPU.ActiveCfg = Release|Any CPU
		{E9178F9A-8855-4A3F-815F-FCDA8D1E34BD}.Release|Any CPU.Build.0 = Release|Any CPU
		{E9178F9A-8855-4A3F-815F-FCDA8D1E34BD}.Release|arm64.ActiveCfg = Release|Any CPU
		{E9178F9A-8855-4A3F-815F-FCDA8D1E34BD}.Release|arm64.Build.0 = Release|Any CPU
		{E9178F9A-8855-4A3F-815F-FCDA8D1E34BD}.Release|x64.ActiveCfg = Release|Any CPU
		{E9178F9A-8855-4A3F-815F-FCDA8D1E34BD}.Release|x64.Build.0 = Release|Any CPU
		{E9178F9A-8855-4A3F-815F-FCDA8D1E34BD}.Release|x86.ActiveCfg = Release|Any CPU
		{E9178F9A-8855-4A3F-815F-FCDA8D1E34BD}.Release|x86.Build.0 = Release|Any CPU
		{06B349C2-1C5D-4BFC-8971-059FDF77704C}.Debug|Any CPU.ActiveCfg = Debug|Any CPU
		{06B349C2-1C5D-4BFC-8971-059FDF77704C}.Debug|Any CPU.Build.0 = Debug|Any CPU
		{06B349C2-1C5D-4BFC-8971-059FDF77704C}.Debug|arm64.ActiveCfg = Debug|Any CPU
		{06B349C2-1C5D-4BFC-8971-059FDF77704C}.Debug|arm64.Build.0 = Debug|Any CPU
		{06B349C2-1C5D-4BFC-8971-059FDF77704C}.Debug|x64.ActiveCfg = Debug|Any CPU
		{06B349C2-1C5D-4BFC-8971-059FDF77704C}.Debug|x64.Build.0 = Debug|Any CPU
		{06B349C2-1C5D-4BFC-8971-059FDF77704C}.Debug|x86.ActiveCfg = Debug|Any CPU
		{06B349C2-1C5D-4BFC-8971-059FDF77704C}.Debug|x86.Build.0 = Debug|Any CPU
		{06B349C2-1C5D-4BFC-8971-059FDF77704C}.Release|Any CPU.ActiveCfg = Release|Any CPU
		{06B349C2-1C5D-4BFC-8971-059FDF77704C}.Release|Any CPU.Build.0 = Release|Any CPU
		{06B349C2-1C5D-4BFC-8971-059FDF77704C}.Release|arm64.ActiveCfg = Release|Any CPU
		{06B349C2-1C5D-4BFC-8971-059FDF77704C}.Release|arm64.Build.0 = Release|Any CPU
		{06B349C2-1C5D-4BFC-8971-059FDF77704C}.Release|x64.ActiveCfg = Release|Any CPU
		{06B349C2-1C5D-4BFC-8971-059FDF77704C}.Release|x64.Build.0 = Release|Any CPU
		{06B349C2-1C5D-4BFC-8971-059FDF77704C}.Release|x86.ActiveCfg = Release|Any CPU
		{06B349C2-1C5D-4BFC-8971-059FDF77704C}.Release|x86.Build.0 = Release|Any CPU
		{0A6BF291-F990-41DF-BCCF-DBCAC3ED87E5}.Debug|Any CPU.ActiveCfg = Debug|Any CPU
		{0A6BF291-F990-41DF-BCCF-DBCAC3ED87E5}.Debug|Any CPU.Build.0 = Debug|Any CPU
		{0A6BF291-F990-41DF-BCCF-DBCAC3ED87E5}.Debug|arm64.ActiveCfg = Debug|Any CPU
		{0A6BF291-F990-41DF-BCCF-DBCAC3ED87E5}.Debug|arm64.Build.0 = Debug|Any CPU
		{0A6BF291-F990-41DF-BCCF-DBCAC3ED87E5}.Debug|x64.ActiveCfg = Debug|Any CPU
		{0A6BF291-F990-41DF-BCCF-DBCAC3ED87E5}.Debug|x64.Build.0 = Debug|Any CPU
		{0A6BF291-F990-41DF-BCCF-DBCAC3ED87E5}.Debug|x86.ActiveCfg = Debug|Any CPU
		{0A6BF291-F990-41DF-BCCF-DBCAC3ED87E5}.Debug|x86.Build.0 = Debug|Any CPU
		{0A6BF291-F990-41DF-BCCF-DBCAC3ED87E5}.Release|Any CPU.ActiveCfg = Release|Any CPU
		{0A6BF291-F990-41DF-BCCF-DBCAC3ED87E5}.Release|Any CPU.Build.0 = Release|Any CPU
		{0A6BF291-F990-41DF-BCCF-DBCAC3ED87E5}.Release|arm64.ActiveCfg = Release|Any CPU
		{0A6BF291-F990-41DF-BCCF-DBCAC3ED87E5}.Release|arm64.Build.0 = Release|Any CPU
		{0A6BF291-F990-41DF-BCCF-DBCAC3ED87E5}.Release|x64.ActiveCfg = Release|Any CPU
		{0A6BF291-F990-41DF-BCCF-DBCAC3ED87E5}.Release|x64.Build.0 = Release|Any CPU
		{0A6BF291-F990-41DF-BCCF-DBCAC3ED87E5}.Release|x86.ActiveCfg = Release|Any CPU
		{0A6BF291-F990-41DF-BCCF-DBCAC3ED87E5}.Release|x86.Build.0 = Release|Any CPU
		{BAA249ED-9A1A-4A62-8DAC-7A2940639B7D}.Debug|Any CPU.ActiveCfg = Debug|Any CPU
		{BAA249ED-9A1A-4A62-8DAC-7A2940639B7D}.Debug|Any CPU.Build.0 = Debug|Any CPU
		{BAA249ED-9A1A-4A62-8DAC-7A2940639B7D}.Debug|arm64.ActiveCfg = Debug|Any CPU
		{BAA249ED-9A1A-4A62-8DAC-7A2940639B7D}.Debug|arm64.Build.0 = Debug|Any CPU
		{BAA249ED-9A1A-4A62-8DAC-7A2940639B7D}.Debug|x64.ActiveCfg = Debug|Any CPU
		{BAA249ED-9A1A-4A62-8DAC-7A2940639B7D}.Debug|x64.Build.0 = Debug|Any CPU
		{BAA249ED-9A1A-4A62-8DAC-7A2940639B7D}.Debug|x86.ActiveCfg = Debug|Any CPU
		{BAA249ED-9A1A-4A62-8DAC-7A2940639B7D}.Debug|x86.Build.0 = Debug|Any CPU
		{BAA249ED-9A1A-4A62-8DAC-7A2940639B7D}.Release|Any CPU.ActiveCfg = Release|Any CPU
		{BAA249ED-9A1A-4A62-8DAC-7A2940639B7D}.Release|Any CPU.Build.0 = Release|Any CPU
		{BAA249ED-9A1A-4A62-8DAC-7A2940639B7D}.Release|arm64.ActiveCfg = Release|Any CPU
		{BAA249ED-9A1A-4A62-8DAC-7A2940639B7D}.Release|arm64.Build.0 = Release|Any CPU
		{BAA249ED-9A1A-4A62-8DAC-7A2940639B7D}.Release|x64.ActiveCfg = Release|Any CPU
		{BAA249ED-9A1A-4A62-8DAC-7A2940639B7D}.Release|x64.Build.0 = Release|Any CPU
		{BAA249ED-9A1A-4A62-8DAC-7A2940639B7D}.Release|x86.ActiveCfg = Release|Any CPU
		{BAA249ED-9A1A-4A62-8DAC-7A2940639B7D}.Release|x86.Build.0 = Release|Any CPU
		{F3539ECB-29F9-4B4E-9586-E836BBC212D6}.Debug|Any CPU.ActiveCfg = Debug|Any CPU
		{F3539ECB-29F9-4B4E-9586-E836BBC212D6}.Debug|Any CPU.Build.0 = Debug|Any CPU
		{F3539ECB-29F9-4B4E-9586-E836BBC212D6}.Debug|arm64.ActiveCfg = Debug|Any CPU
		{F3539ECB-29F9-4B4E-9586-E836BBC212D6}.Debug|arm64.Build.0 = Debug|Any CPU
		{F3539ECB-29F9-4B4E-9586-E836BBC212D6}.Debug|x64.ActiveCfg = Debug|Any CPU
		{F3539ECB-29F9-4B4E-9586-E836BBC212D6}.Debug|x64.Build.0 = Debug|Any CPU
		{F3539ECB-29F9-4B4E-9586-E836BBC212D6}.Debug|x86.ActiveCfg = Debug|Any CPU
		{F3539ECB-29F9-4B4E-9586-E836BBC212D6}.Debug|x86.Build.0 = Debug|Any CPU
		{F3539ECB-29F9-4B4E-9586-E836BBC212D6}.Release|Any CPU.ActiveCfg = Release|Any CPU
		{F3539ECB-29F9-4B4E-9586-E836BBC212D6}.Release|Any CPU.Build.0 = Release|Any CPU
		{F3539ECB-29F9-4B4E-9586-E836BBC212D6}.Release|arm64.ActiveCfg = Release|Any CPU
		{F3539ECB-29F9-4B4E-9586-E836BBC212D6}.Release|arm64.Build.0 = Release|Any CPU
		{F3539ECB-29F9-4B4E-9586-E836BBC212D6}.Release|x64.ActiveCfg = Release|Any CPU
		{F3539ECB-29F9-4B4E-9586-E836BBC212D6}.Release|x64.Build.0 = Release|Any CPU
		{F3539ECB-29F9-4B4E-9586-E836BBC212D6}.Release|x86.ActiveCfg = Release|Any CPU
		{F3539ECB-29F9-4B4E-9586-E836BBC212D6}.Release|x86.Build.0 = Release|Any CPU
		{5D52CCEA-1F4E-4AA7-B152-AD34A6AAE123}.Debug|Any CPU.ActiveCfg = Debug|Any CPU
		{5D52CCEA-1F4E-4AA7-B152-AD34A6AAE123}.Debug|Any CPU.Build.0 = Debug|Any CPU
		{5D52CCEA-1F4E-4AA7-B152-AD34A6AAE123}.Debug|arm64.ActiveCfg = Debug|Any CPU
		{5D52CCEA-1F4E-4AA7-B152-AD34A6AAE123}.Debug|arm64.Build.0 = Debug|Any CPU
		{5D52CCEA-1F4E-4AA7-B152-AD34A6AAE123}.Debug|x64.ActiveCfg = Debug|Any CPU
		{5D52CCEA-1F4E-4AA7-B152-AD34A6AAE123}.Debug|x64.Build.0 = Debug|Any CPU
		{5D52CCEA-1F4E-4AA7-B152-AD34A6AAE123}.Debug|x86.ActiveCfg = Debug|Any CPU
		{5D52CCEA-1F4E-4AA7-B152-AD34A6AAE123}.Debug|x86.Build.0 = Debug|Any CPU
		{5D52CCEA-1F4E-4AA7-B152-AD34A6AAE123}.Release|Any CPU.ActiveCfg = Release|Any CPU
		{5D52CCEA-1F4E-4AA7-B152-AD34A6AAE123}.Release|Any CPU.Build.0 = Release|Any CPU
		{5D52CCEA-1F4E-4AA7-B152-AD34A6AAE123}.Release|arm64.ActiveCfg = Release|Any CPU
		{5D52CCEA-1F4E-4AA7-B152-AD34A6AAE123}.Release|arm64.Build.0 = Release|Any CPU
		{5D52CCEA-1F4E-4AA7-B152-AD34A6AAE123}.Release|x64.ActiveCfg = Release|Any CPU
		{5D52CCEA-1F4E-4AA7-B152-AD34A6AAE123}.Release|x64.Build.0 = Release|Any CPU
		{5D52CCEA-1F4E-4AA7-B152-AD34A6AAE123}.Release|x86.ActiveCfg = Release|Any CPU
		{5D52CCEA-1F4E-4AA7-B152-AD34A6AAE123}.Release|x86.Build.0 = Release|Any CPU
		{4B00E1F6-3180-4B11-ABC4-7848AB37850A}.Debug|Any CPU.ActiveCfg = Debug|Any CPU
		{4B00E1F6-3180-4B11-ABC4-7848AB37850A}.Debug|Any CPU.Build.0 = Debug|Any CPU
		{4B00E1F6-3180-4B11-ABC4-7848AB37850A}.Debug|arm64.ActiveCfg = Debug|Any CPU
		{4B00E1F6-3180-4B11-ABC4-7848AB37850A}.Debug|arm64.Build.0 = Debug|Any CPU
		{4B00E1F6-3180-4B11-ABC4-7848AB37850A}.Debug|x64.ActiveCfg = Debug|Any CPU
		{4B00E1F6-3180-4B11-ABC4-7848AB37850A}.Debug|x64.Build.0 = Debug|Any CPU
		{4B00E1F6-3180-4B11-ABC4-7848AB37850A}.Debug|x86.ActiveCfg = Debug|Any CPU
		{4B00E1F6-3180-4B11-ABC4-7848AB37850A}.Debug|x86.Build.0 = Debug|Any CPU
		{4B00E1F6-3180-4B11-ABC4-7848AB37850A}.Release|Any CPU.ActiveCfg = Release|Any CPU
		{4B00E1F6-3180-4B11-ABC4-7848AB37850A}.Release|Any CPU.Build.0 = Release|Any CPU
		{4B00E1F6-3180-4B11-ABC4-7848AB37850A}.Release|arm64.ActiveCfg = Release|Any CPU
		{4B00E1F6-3180-4B11-ABC4-7848AB37850A}.Release|arm64.Build.0 = Release|Any CPU
		{4B00E1F6-3180-4B11-ABC4-7848AB37850A}.Release|x64.ActiveCfg = Release|Any CPU
		{4B00E1F6-3180-4B11-ABC4-7848AB37850A}.Release|x64.Build.0 = Release|Any CPU
		{4B00E1F6-3180-4B11-ABC4-7848AB37850A}.Release|x86.ActiveCfg = Release|Any CPU
		{4B00E1F6-3180-4B11-ABC4-7848AB37850A}.Release|x86.Build.0 = Release|Any CPU
		{3B9790C9-98A2-474E-9CF3-8AC8449942A9}.Debug|Any CPU.ActiveCfg = Debug|Any CPU
		{3B9790C9-98A2-474E-9CF3-8AC8449942A9}.Debug|Any CPU.Build.0 = Debug|Any CPU
		{3B9790C9-98A2-474E-9CF3-8AC8449942A9}.Debug|arm64.ActiveCfg = Debug|Any CPU
		{3B9790C9-98A2-474E-9CF3-8AC8449942A9}.Debug|arm64.Build.0 = Debug|Any CPU
		{3B9790C9-98A2-474E-9CF3-8AC8449942A9}.Debug|x64.ActiveCfg = Debug|Any CPU
		{3B9790C9-98A2-474E-9CF3-8AC8449942A9}.Debug|x64.Build.0 = Debug|Any CPU
		{3B9790C9-98A2-474E-9CF3-8AC8449942A9}.Debug|x86.ActiveCfg = Debug|Any CPU
		{3B9790C9-98A2-474E-9CF3-8AC8449942A9}.Debug|x86.Build.0 = Debug|Any CPU
		{3B9790C9-98A2-474E-9CF3-8AC8449942A9}.Release|Any CPU.ActiveCfg = Release|Any CPU
		{3B9790C9-98A2-474E-9CF3-8AC8449942A9}.Release|Any CPU.Build.0 = Release|Any CPU
		{3B9790C9-98A2-474E-9CF3-8AC8449942A9}.Release|arm64.ActiveCfg = Release|Any CPU
		{3B9790C9-98A2-474E-9CF3-8AC8449942A9}.Release|arm64.Build.0 = Release|Any CPU
		{3B9790C9-98A2-474E-9CF3-8AC8449942A9}.Release|x64.ActiveCfg = Release|Any CPU
		{3B9790C9-98A2-474E-9CF3-8AC8449942A9}.Release|x64.Build.0 = Release|Any CPU
		{3B9790C9-98A2-474E-9CF3-8AC8449942A9}.Release|x86.ActiveCfg = Release|Any CPU
		{3B9790C9-98A2-474E-9CF3-8AC8449942A9}.Release|x86.Build.0 = Release|Any CPU
		{B87882AE-3CB0-488A-B14B-295098B2CE80}.Debug|Any CPU.ActiveCfg = Debug|Any CPU
		{B87882AE-3CB0-488A-B14B-295098B2CE80}.Debug|Any CPU.Build.0 = Debug|Any CPU
		{B87882AE-3CB0-488A-B14B-295098B2CE80}.Debug|arm64.ActiveCfg = Debug|Any CPU
		{B87882AE-3CB0-488A-B14B-295098B2CE80}.Debug|arm64.Build.0 = Debug|Any CPU
		{B87882AE-3CB0-488A-B14B-295098B2CE80}.Debug|x64.ActiveCfg = Debug|Any CPU
		{B87882AE-3CB0-488A-B14B-295098B2CE80}.Debug|x64.Build.0 = Debug|Any CPU
		{B87882AE-3CB0-488A-B14B-295098B2CE80}.Debug|x86.ActiveCfg = Debug|Any CPU
		{B87882AE-3CB0-488A-B14B-295098B2CE80}.Debug|x86.Build.0 = Debug|Any CPU
		{B87882AE-3CB0-488A-B14B-295098B2CE80}.Release|Any CPU.ActiveCfg = Release|Any CPU
		{B87882AE-3CB0-488A-B14B-295098B2CE80}.Release|Any CPU.Build.0 = Release|Any CPU
		{B87882AE-3CB0-488A-B14B-295098B2CE80}.Release|arm64.ActiveCfg = Release|Any CPU
		{B87882AE-3CB0-488A-B14B-295098B2CE80}.Release|arm64.Build.0 = Release|Any CPU
		{B87882AE-3CB0-488A-B14B-295098B2CE80}.Release|x64.ActiveCfg = Release|Any CPU
		{B87882AE-3CB0-488A-B14B-295098B2CE80}.Release|x64.Build.0 = Release|Any CPU
		{B87882AE-3CB0-488A-B14B-295098B2CE80}.Release|x86.ActiveCfg = Release|Any CPU
		{B87882AE-3CB0-488A-B14B-295098B2CE80}.Release|x86.Build.0 = Release|Any CPU
		{3ADCFAB9-5271-4073-A2CC-2CBF0360D23B}.Debug|Any CPU.ActiveCfg = Debug|Any CPU
		{3ADCFAB9-5271-4073-A2CC-2CBF0360D23B}.Debug|Any CPU.Build.0 = Debug|Any CPU
		{3ADCFAB9-5271-4073-A2CC-2CBF0360D23B}.Debug|arm64.ActiveCfg = Debug|Any CPU
		{3ADCFAB9-5271-4073-A2CC-2CBF0360D23B}.Debug|arm64.Build.0 = Debug|Any CPU
		{3ADCFAB9-5271-4073-A2CC-2CBF0360D23B}.Debug|x64.ActiveCfg = Debug|Any CPU
		{3ADCFAB9-5271-4073-A2CC-2CBF0360D23B}.Debug|x64.Build.0 = Debug|Any CPU
		{3ADCFAB9-5271-4073-A2CC-2CBF0360D23B}.Debug|x86.ActiveCfg = Debug|Any CPU
		{3ADCFAB9-5271-4073-A2CC-2CBF0360D23B}.Debug|x86.Build.0 = Debug|Any CPU
		{3ADCFAB9-5271-4073-A2CC-2CBF0360D23B}.Release|Any CPU.ActiveCfg = Release|Any CPU
		{3ADCFAB9-5271-4073-A2CC-2CBF0360D23B}.Release|Any CPU.Build.0 = Release|Any CPU
		{3ADCFAB9-5271-4073-A2CC-2CBF0360D23B}.Release|arm64.ActiveCfg = Release|Any CPU
		{3ADCFAB9-5271-4073-A2CC-2CBF0360D23B}.Release|arm64.Build.0 = Release|Any CPU
		{3ADCFAB9-5271-4073-A2CC-2CBF0360D23B}.Release|x64.ActiveCfg = Release|Any CPU
		{3ADCFAB9-5271-4073-A2CC-2CBF0360D23B}.Release|x64.Build.0 = Release|Any CPU
		{3ADCFAB9-5271-4073-A2CC-2CBF0360D23B}.Release|x86.ActiveCfg = Release|Any CPU
		{3ADCFAB9-5271-4073-A2CC-2CBF0360D23B}.Release|x86.Build.0 = Release|Any CPU
		{A865CE5B-FFE2-46E5-B23E-E3EA233E0D70}.Debug|Any CPU.ActiveCfg = Debug|x64
		{A865CE5B-FFE2-46E5-B23E-E3EA233E0D70}.Debug|Any CPU.Build.0 = Debug|x64
		{A865CE5B-FFE2-46E5-B23E-E3EA233E0D70}.Debug|Any CPU.Deploy.0 = Debug|x64
		{A865CE5B-FFE2-46E5-B23E-E3EA233E0D70}.Debug|arm64.ActiveCfg = Debug|ARM64
		{A865CE5B-FFE2-46E5-B23E-E3EA233E0D70}.Debug|arm64.Build.0 = Debug|ARM64
		{A865CE5B-FFE2-46E5-B23E-E3EA233E0D70}.Debug|arm64.Deploy.0 = Debug|ARM64
		{A865CE5B-FFE2-46E5-B23E-E3EA233E0D70}.Debug|x64.ActiveCfg = Debug|x64
		{A865CE5B-FFE2-46E5-B23E-E3EA233E0D70}.Debug|x64.Build.0 = Debug|x64
		{A865CE5B-FFE2-46E5-B23E-E3EA233E0D70}.Debug|x64.Deploy.0 = Debug|x64
		{A865CE5B-FFE2-46E5-B23E-E3EA233E0D70}.Debug|x86.ActiveCfg = Debug|x86
		{A865CE5B-FFE2-46E5-B23E-E3EA233E0D70}.Debug|x86.Build.0 = Debug|x86
		{A865CE5B-FFE2-46E5-B23E-E3EA233E0D70}.Debug|x86.Deploy.0 = Debug|x86
		{A865CE5B-FFE2-46E5-B23E-E3EA233E0D70}.Release|Any CPU.ActiveCfg = Release|x64
		{A865CE5B-FFE2-46E5-B23E-E3EA233E0D70}.Release|Any CPU.Build.0 = Release|x64
		{A865CE5B-FFE2-46E5-B23E-E3EA233E0D70}.Release|Any CPU.Deploy.0 = Release|x64
		{A865CE5B-FFE2-46E5-B23E-E3EA233E0D70}.Release|arm64.ActiveCfg = Release|ARM64
		{A865CE5B-FFE2-46E5-B23E-E3EA233E0D70}.Release|arm64.Build.0 = Release|ARM64
		{A865CE5B-FFE2-46E5-B23E-E3EA233E0D70}.Release|arm64.Deploy.0 = Release|ARM64
		{A865CE5B-FFE2-46E5-B23E-E3EA233E0D70}.Release|x64.ActiveCfg = Release|x64
		{A865CE5B-FFE2-46E5-B23E-E3EA233E0D70}.Release|x64.Build.0 = Release|x64
		{A865CE5B-FFE2-46E5-B23E-E3EA233E0D70}.Release|x64.Deploy.0 = Release|x64
		{A865CE5B-FFE2-46E5-B23E-E3EA233E0D70}.Release|x86.ActiveCfg = Release|x86
		{A865CE5B-FFE2-46E5-B23E-E3EA233E0D70}.Release|x86.Build.0 = Release|x86
		{A865CE5B-FFE2-46E5-B23E-E3EA233E0D70}.Release|x86.Deploy.0 = Release|x86
		{39C819E8-E358-4F0F-9FC1-0788C25A74A1}.Debug|Any CPU.ActiveCfg = Debug|Any CPU
		{39C819E8-E358-4F0F-9FC1-0788C25A74A1}.Debug|Any CPU.Build.0 = Debug|Any CPU
		{39C819E8-E358-4F0F-9FC1-0788C25A74A1}.Debug|arm64.ActiveCfg = Debug|Any CPU
		{39C819E8-E358-4F0F-9FC1-0788C25A74A1}.Debug|arm64.Build.0 = Debug|Any CPU
		{39C819E8-E358-4F0F-9FC1-0788C25A74A1}.Debug|x64.ActiveCfg = Debug|Any CPU
		{39C819E8-E358-4F0F-9FC1-0788C25A74A1}.Debug|x64.Build.0 = Debug|Any CPU
		{39C819E8-E358-4F0F-9FC1-0788C25A74A1}.Debug|x86.ActiveCfg = Debug|Any CPU
		{39C819E8-E358-4F0F-9FC1-0788C25A74A1}.Debug|x86.Build.0 = Debug|Any CPU
		{39C819E8-E358-4F0F-9FC1-0788C25A74A1}.Release|Any CPU.ActiveCfg = Release|Any CPU
		{39C819E8-E358-4F0F-9FC1-0788C25A74A1}.Release|Any CPU.Build.0 = Release|Any CPU
		{39C819E8-E358-4F0F-9FC1-0788C25A74A1}.Release|arm64.ActiveCfg = Release|Any CPU
		{39C819E8-E358-4F0F-9FC1-0788C25A74A1}.Release|arm64.Build.0 = Release|Any CPU
		{39C819E8-E358-4F0F-9FC1-0788C25A74A1}.Release|x64.ActiveCfg = Release|Any CPU
		{39C819E8-E358-4F0F-9FC1-0788C25A74A1}.Release|x64.Build.0 = Release|Any CPU
		{39C819E8-E358-4F0F-9FC1-0788C25A74A1}.Release|x86.ActiveCfg = Release|Any CPU
		{39C819E8-E358-4F0F-9FC1-0788C25A74A1}.Release|x86.Build.0 = Release|Any CPU
		{2B295F6C-E07C-4CB6-A2AB-8E745CB7DD30}.Debug|Any CPU.ActiveCfg = Debug|Any CPU
		{2B295F6C-E07C-4CB6-A2AB-8E745CB7DD30}.Debug|Any CPU.Build.0 = Debug|Any CPU
		{2B295F6C-E07C-4CB6-A2AB-8E745CB7DD30}.Debug|arm64.ActiveCfg = Debug|Any CPU
		{2B295F6C-E07C-4CB6-A2AB-8E745CB7DD30}.Debug|arm64.Build.0 = Debug|Any CPU
		{2B295F6C-E07C-4CB6-A2AB-8E745CB7DD30}.Debug|x64.ActiveCfg = Debug|Any CPU
		{2B295F6C-E07C-4CB6-A2AB-8E745CB7DD30}.Debug|x64.Build.0 = Debug|Any CPU
		{2B295F6C-E07C-4CB6-A2AB-8E745CB7DD30}.Debug|x86.ActiveCfg = Debug|Any CPU
		{2B295F6C-E07C-4CB6-A2AB-8E745CB7DD30}.Debug|x86.Build.0 = Debug|Any CPU
		{2B295F6C-E07C-4CB6-A2AB-8E745CB7DD30}.Release|Any CPU.ActiveCfg = Release|Any CPU
		{2B295F6C-E07C-4CB6-A2AB-8E745CB7DD30}.Release|Any CPU.Build.0 = Release|Any CPU
		{2B295F6C-E07C-4CB6-A2AB-8E745CB7DD30}.Release|arm64.ActiveCfg = Release|Any CPU
		{2B295F6C-E07C-4CB6-A2AB-8E745CB7DD30}.Release|arm64.Build.0 = Release|Any CPU
		{2B295F6C-E07C-4CB6-A2AB-8E745CB7DD30}.Release|x64.ActiveCfg = Release|Any CPU
		{2B295F6C-E07C-4CB6-A2AB-8E745CB7DD30}.Release|x64.Build.0 = Release|Any CPU
		{2B295F6C-E07C-4CB6-A2AB-8E745CB7DD30}.Release|x86.ActiveCfg = Release|Any CPU
		{2B295F6C-E07C-4CB6-A2AB-8E745CB7DD30}.Release|x86.Build.0 = Release|Any CPU
		{179D1513-AF88-4F73-843E-9899AD68CB5D}.Debug|Any CPU.ActiveCfg = Debug|Any CPU
		{179D1513-AF88-4F73-843E-9899AD68CB5D}.Debug|Any CPU.Build.0 = Debug|Any CPU
		{179D1513-AF88-4F73-843E-9899AD68CB5D}.Debug|arm64.ActiveCfg = Debug|Any CPU
		{179D1513-AF88-4F73-843E-9899AD68CB5D}.Debug|arm64.Build.0 = Debug|Any CPU
		{179D1513-AF88-4F73-843E-9899AD68CB5D}.Debug|x64.ActiveCfg = Debug|Any CPU
		{179D1513-AF88-4F73-843E-9899AD68CB5D}.Debug|x64.Build.0 = Debug|Any CPU
		{179D1513-AF88-4F73-843E-9899AD68CB5D}.Debug|x86.ActiveCfg = Debug|Any CPU
		{179D1513-AF88-4F73-843E-9899AD68CB5D}.Debug|x86.Build.0 = Debug|Any CPU
		{179D1513-AF88-4F73-843E-9899AD68CB5D}.Release|Any CPU.ActiveCfg = Release|Any CPU
		{179D1513-AF88-4F73-843E-9899AD68CB5D}.Release|Any CPU.Build.0 = Release|Any CPU
		{179D1513-AF88-4F73-843E-9899AD68CB5D}.Release|arm64.ActiveCfg = Release|Any CPU
		{179D1513-AF88-4F73-843E-9899AD68CB5D}.Release|arm64.Build.0 = Release|Any CPU
		{179D1513-AF88-4F73-843E-9899AD68CB5D}.Release|x64.ActiveCfg = Release|Any CPU
		{179D1513-AF88-4F73-843E-9899AD68CB5D}.Release|x64.Build.0 = Release|Any CPU
		{179D1513-AF88-4F73-843E-9899AD68CB5D}.Release|x86.ActiveCfg = Release|Any CPU
		{179D1513-AF88-4F73-843E-9899AD68CB5D}.Release|x86.Build.0 = Release|Any CPU
		{E4637672-69CC-4498-88F6-EE67A9F2BDD4}.Debug|Any CPU.ActiveCfg = Debug|Any CPU
		{E4637672-69CC-4498-88F6-EE67A9F2BDD4}.Debug|Any CPU.Build.0 = Debug|Any CPU
		{E4637672-69CC-4498-88F6-EE67A9F2BDD4}.Debug|arm64.ActiveCfg = Debug|Any CPU
		{E4637672-69CC-4498-88F6-EE67A9F2BDD4}.Debug|arm64.Build.0 = Debug|Any CPU
		{E4637672-69CC-4498-88F6-EE67A9F2BDD4}.Debug|x64.ActiveCfg = Debug|Any CPU
		{E4637672-69CC-4498-88F6-EE67A9F2BDD4}.Debug|x64.Build.0 = Debug|Any CPU
		{E4637672-69CC-4498-88F6-EE67A9F2BDD4}.Debug|x86.ActiveCfg = Debug|Any CPU
		{E4637672-69CC-4498-88F6-EE67A9F2BDD4}.Debug|x86.Build.0 = Debug|Any CPU
		{E4637672-69CC-4498-88F6-EE67A9F2BDD4}.Release|Any CPU.ActiveCfg = Release|Any CPU
		{E4637672-69CC-4498-88F6-EE67A9F2BDD4}.Release|Any CPU.Build.0 = Release|Any CPU
		{E4637672-69CC-4498-88F6-EE67A9F2BDD4}.Release|arm64.ActiveCfg = Release|Any CPU
		{E4637672-69CC-4498-88F6-EE67A9F2BDD4}.Release|arm64.Build.0 = Release|Any CPU
		{E4637672-69CC-4498-88F6-EE67A9F2BDD4}.Release|x64.ActiveCfg = Release|Any CPU
		{E4637672-69CC-4498-88F6-EE67A9F2BDD4}.Release|x64.Build.0 = Release|Any CPU
		{E4637672-69CC-4498-88F6-EE67A9F2BDD4}.Release|x86.ActiveCfg = Release|Any CPU
		{E4637672-69CC-4498-88F6-EE67A9F2BDD4}.Release|x86.Build.0 = Release|Any CPU
		{AF34DB5A-E23F-47BB-A7EB-E93B2A6714E4}.Debug|Any CPU.ActiveCfg = Debug|Any CPU
		{AF34DB5A-E23F-47BB-A7EB-E93B2A6714E4}.Debug|Any CPU.Build.0 = Debug|Any CPU
		{AF34DB5A-E23F-47BB-A7EB-E93B2A6714E4}.Debug|arm64.ActiveCfg = Debug|Any CPU
		{AF34DB5A-E23F-47BB-A7EB-E93B2A6714E4}.Debug|arm64.Build.0 = Debug|Any CPU
		{AF34DB5A-E23F-47BB-A7EB-E93B2A6714E4}.Debug|x64.ActiveCfg = Debug|Any CPU
		{AF34DB5A-E23F-47BB-A7EB-E93B2A6714E4}.Debug|x64.Build.0 = Debug|Any CPU
		{AF34DB5A-E23F-47BB-A7EB-E93B2A6714E4}.Debug|x86.ActiveCfg = Debug|Any CPU
		{AF34DB5A-E23F-47BB-A7EB-E93B2A6714E4}.Debug|x86.Build.0 = Debug|Any CPU
		{AF34DB5A-E23F-47BB-A7EB-E93B2A6714E4}.Release|Any CPU.ActiveCfg = Release|Any CPU
		{AF34DB5A-E23F-47BB-A7EB-E93B2A6714E4}.Release|Any CPU.Build.0 = Release|Any CPU
		{AF34DB5A-E23F-47BB-A7EB-E93B2A6714E4}.Release|arm64.ActiveCfg = Release|Any CPU
		{AF34DB5A-E23F-47BB-A7EB-E93B2A6714E4}.Release|arm64.Build.0 = Release|Any CPU
		{AF34DB5A-E23F-47BB-A7EB-E93B2A6714E4}.Release|x64.ActiveCfg = Release|Any CPU
		{AF34DB5A-E23F-47BB-A7EB-E93B2A6714E4}.Release|x64.Build.0 = Release|Any CPU
		{AF34DB5A-E23F-47BB-A7EB-E93B2A6714E4}.Release|x86.ActiveCfg = Release|Any CPU
		{AF34DB5A-E23F-47BB-A7EB-E93B2A6714E4}.Release|x86.Build.0 = Release|Any CPU
		{536E9F9D-0C7B-489E-9557-5D39D63A8BD7}.Debug|Any CPU.ActiveCfg = Debug|Any CPU
		{536E9F9D-0C7B-489E-9557-5D39D63A8BD7}.Debug|Any CPU.Build.0 = Debug|Any CPU
		{536E9F9D-0C7B-489E-9557-5D39D63A8BD7}.Debug|arm64.ActiveCfg = Debug|Any CPU
		{536E9F9D-0C7B-489E-9557-5D39D63A8BD7}.Debug|arm64.Build.0 = Debug|Any CPU
		{536E9F9D-0C7B-489E-9557-5D39D63A8BD7}.Debug|x64.ActiveCfg = Debug|Any CPU
		{536E9F9D-0C7B-489E-9557-5D39D63A8BD7}.Debug|x64.Build.0 = Debug|Any CPU
		{536E9F9D-0C7B-489E-9557-5D39D63A8BD7}.Debug|x86.ActiveCfg = Debug|Any CPU
		{536E9F9D-0C7B-489E-9557-5D39D63A8BD7}.Debug|x86.Build.0 = Debug|Any CPU
		{536E9F9D-0C7B-489E-9557-5D39D63A8BD7}.Release|Any CPU.ActiveCfg = Release|Any CPU
		{536E9F9D-0C7B-489E-9557-5D39D63A8BD7}.Release|Any CPU.Build.0 = Release|Any CPU
		{536E9F9D-0C7B-489E-9557-5D39D63A8BD7}.Release|arm64.ActiveCfg = Release|Any CPU
		{536E9F9D-0C7B-489E-9557-5D39D63A8BD7}.Release|arm64.Build.0 = Release|Any CPU
		{536E9F9D-0C7B-489E-9557-5D39D63A8BD7}.Release|x64.ActiveCfg = Release|Any CPU
		{536E9F9D-0C7B-489E-9557-5D39D63A8BD7}.Release|x64.Build.0 = Release|Any CPU
		{536E9F9D-0C7B-489E-9557-5D39D63A8BD7}.Release|x86.ActiveCfg = Release|Any CPU
		{536E9F9D-0C7B-489E-9557-5D39D63A8BD7}.Release|x86.Build.0 = Release|Any CPU
		{9CC05969-E571-4ECE-A5CC-730954B60B2B}.Debug|Any CPU.ActiveCfg = Debug|Any CPU
		{9CC05969-E571-4ECE-A5CC-730954B60B2B}.Debug|Any CPU.Build.0 = Debug|Any CPU
		{9CC05969-E571-4ECE-A5CC-730954B60B2B}.Debug|arm64.ActiveCfg = Debug|Any CPU
		{9CC05969-E571-4ECE-A5CC-730954B60B2B}.Debug|arm64.Build.0 = Debug|Any CPU
		{9CC05969-E571-4ECE-A5CC-730954B60B2B}.Debug|x64.ActiveCfg = Debug|Any CPU
		{9CC05969-E571-4ECE-A5CC-730954B60B2B}.Debug|x64.Build.0 = Debug|Any CPU
		{9CC05969-E571-4ECE-A5CC-730954B60B2B}.Debug|x86.ActiveCfg = Debug|Any CPU
		{9CC05969-E571-4ECE-A5CC-730954B60B2B}.Debug|x86.Build.0 = Debug|Any CPU
		{9CC05969-E571-4ECE-A5CC-730954B60B2B}.Release|Any CPU.ActiveCfg = Release|Any CPU
		{9CC05969-E571-4ECE-A5CC-730954B60B2B}.Release|Any CPU.Build.0 = Release|Any CPU
		{9CC05969-E571-4ECE-A5CC-730954B60B2B}.Release|arm64.ActiveCfg = Release|Any CPU
		{9CC05969-E571-4ECE-A5CC-730954B60B2B}.Release|arm64.Build.0 = Release|Any CPU
		{9CC05969-E571-4ECE-A5CC-730954B60B2B}.Release|x64.ActiveCfg = Release|Any CPU
		{9CC05969-E571-4ECE-A5CC-730954B60B2B}.Release|x64.Build.0 = Release|Any CPU
		{9CC05969-E571-4ECE-A5CC-730954B60B2B}.Release|x86.ActiveCfg = Release|Any CPU
		{9CC05969-E571-4ECE-A5CC-730954B60B2B}.Release|x86.Build.0 = Release|Any CPU
		{49209539-44BB-4EF8-AF6C-20D778E739F7}.Debug|Any CPU.ActiveCfg = Debug|Any CPU
		{49209539-44BB-4EF8-AF6C-20D778E739F7}.Debug|Any CPU.Build.0 = Debug|Any CPU
		{49209539-44BB-4EF8-AF6C-20D778E739F7}.Debug|arm64.ActiveCfg = Debug|Any CPU
		{49209539-44BB-4EF8-AF6C-20D778E739F7}.Debug|arm64.Build.0 = Debug|Any CPU
		{49209539-44BB-4EF8-AF6C-20D778E739F7}.Debug|x64.ActiveCfg = Debug|Any CPU
		{49209539-44BB-4EF8-AF6C-20D778E739F7}.Debug|x64.Build.0 = Debug|Any CPU
		{49209539-44BB-4EF8-AF6C-20D778E739F7}.Debug|x86.ActiveCfg = Debug|Any CPU
		{49209539-44BB-4EF8-AF6C-20D778E739F7}.Debug|x86.Build.0 = Debug|Any CPU
		{49209539-44BB-4EF8-AF6C-20D778E739F7}.Release|Any CPU.ActiveCfg = Release|Any CPU
		{49209539-44BB-4EF8-AF6C-20D778E739F7}.Release|Any CPU.Build.0 = Release|Any CPU
		{49209539-44BB-4EF8-AF6C-20D778E739F7}.Release|arm64.ActiveCfg = Release|Any CPU
		{49209539-44BB-4EF8-AF6C-20D778E739F7}.Release|arm64.Build.0 = Release|Any CPU
		{49209539-44BB-4EF8-AF6C-20D778E739F7}.Release|x64.ActiveCfg = Release|Any CPU
		{49209539-44BB-4EF8-AF6C-20D778E739F7}.Release|x64.Build.0 = Release|Any CPU
		{49209539-44BB-4EF8-AF6C-20D778E739F7}.Release|x86.ActiveCfg = Release|Any CPU
		{49209539-44BB-4EF8-AF6C-20D778E739F7}.Release|x86.Build.0 = Release|Any CPU
		{3FE590C4-F75F-484D-A40D-37F898371CC7}.Debug|Any CPU.ActiveCfg = Debug|Any CPU
		{3FE590C4-F75F-484D-A40D-37F898371CC7}.Debug|Any CPU.Build.0 = Debug|Any CPU
		{3FE590C4-F75F-484D-A40D-37F898371CC7}.Debug|arm64.ActiveCfg = Debug|Any CPU
		{3FE590C4-F75F-484D-A40D-37F898371CC7}.Debug|arm64.Build.0 = Debug|Any CPU
		{3FE590C4-F75F-484D-A40D-37F898371CC7}.Debug|x64.ActiveCfg = Debug|Any CPU
		{3FE590C4-F75F-484D-A40D-37F898371CC7}.Debug|x64.Build.0 = Debug|Any CPU
		{3FE590C4-F75F-484D-A40D-37F898371CC7}.Debug|x86.ActiveCfg = Debug|Any CPU
		{3FE590C4-F75F-484D-A40D-37F898371CC7}.Debug|x86.Build.0 = Debug|Any CPU
		{3FE590C4-F75F-484D-A40D-37F898371CC7}.Release|Any CPU.ActiveCfg = Release|Any CPU
		{3FE590C4-F75F-484D-A40D-37F898371CC7}.Release|Any CPU.Build.0 = Release|Any CPU
		{3FE590C4-F75F-484D-A40D-37F898371CC7}.Release|arm64.ActiveCfg = Release|Any CPU
		{3FE590C4-F75F-484D-A40D-37F898371CC7}.Release|arm64.Build.0 = Release|Any CPU
		{3FE590C4-F75F-484D-A40D-37F898371CC7}.Release|x64.ActiveCfg = Release|Any CPU
		{3FE590C4-F75F-484D-A40D-37F898371CC7}.Release|x64.Build.0 = Release|Any CPU
		{3FE590C4-F75F-484D-A40D-37F898371CC7}.Release|x86.ActiveCfg = Release|Any CPU
		{3FE590C4-F75F-484D-A40D-37F898371CC7}.Release|x86.Build.0 = Release|Any CPU
	EndGlobalSection
	GlobalSection(SolutionProperties) = preSolution
		HideSolutionNode = FALSE
	EndGlobalSection
	GlobalSection(NestedProjects) = preSolution
		{11A2C6EE-E878-41E8-B922-E4218FD1AA74} = {6DC10C52-A152-43FE-AEF7-F892389FDDB2}
		{98A34666-5A29-4E26-9B6D-25871219A8F2} = {11A2C6EE-E878-41E8-B922-E4218FD1AA74}
		{EAB6FD38-2762-40E3-A771-955C2B0F2971} = {11A2C6EE-E878-41E8-B922-E4218FD1AA74}
		{82BE3CFC-57FF-4F80-9F3E-B333B5AC7EC9} = {11A2C6EE-E878-41E8-B922-E4218FD1AA74}
		{355B43E3-DE03-4397-BEA0-2FF4CC6A9FB9} = {11A2C6EE-E878-41E8-B922-E4218FD1AA74}
		{4792D713-3864-42DE-8DCA-F0DD3006C9B0} = {6DC10C52-A152-43FE-AEF7-F892389FDDB2}
		{0EA17924-792F-48B5-B107-495FFE3727B8} = {4792D713-3864-42DE-8DCA-F0DD3006C9B0}
		{880F2E36-14A4-40C3-89D6-735556024F17} = {4792D713-3864-42DE-8DCA-F0DD3006C9B0}
		{DE24052A-4EED-43B0-A4FC-A7B2D31D26C1} = {4792D713-3864-42DE-8DCA-F0DD3006C9B0}
		{22B15792-17DC-4C22-B585-8682810AE25A} = {4792D713-3864-42DE-8DCA-F0DD3006C9B0}
		{E9178F9A-8855-4A3F-815F-FCDA8D1E34BD} = {4792D713-3864-42DE-8DCA-F0DD3006C9B0}
		{06B349C2-1C5D-4BFC-8971-059FDF77704C} = {4792D713-3864-42DE-8DCA-F0DD3006C9B0}
		{0A6BF291-F990-41DF-BCCF-DBCAC3ED87E5} = {4792D713-3864-42DE-8DCA-F0DD3006C9B0}
		{BAA249ED-9A1A-4A62-8DAC-7A2940639B7D} = {4792D713-3864-42DE-8DCA-F0DD3006C9B0}
		{F3539ECB-29F9-4B4E-9586-E836BBC212D6} = {4792D713-3864-42DE-8DCA-F0DD3006C9B0}
		{5D52CCEA-1F4E-4AA7-B152-AD34A6AAE123} = {4792D713-3864-42DE-8DCA-F0DD3006C9B0}
		{57D6178F-C05D-4CA2-988E-EB5E299DCCA8} = {6DC10C52-A152-43FE-AEF7-F892389FDDB2}
		{4B00E1F6-3180-4B11-ABC4-7848AB37850A} = {57D6178F-C05D-4CA2-988E-EB5E299DCCA8}
		{3B9790C9-98A2-474E-9CF3-8AC8449942A9} = {57D6178F-C05D-4CA2-988E-EB5E299DCCA8}
		{B87882AE-3CB0-488A-B14B-295098B2CE80} = {57D6178F-C05D-4CA2-988E-EB5E299DCCA8}
		{3ADCFAB9-5271-4073-A2CC-2CBF0360D23B} = {4792D713-3864-42DE-8DCA-F0DD3006C9B0}
		{39C819E8-E358-4F0F-9FC1-0788C25A74A1} = {5D40A1B6-8B4B-445D-87BC-851E8796E44F}
		{2B295F6C-E07C-4CB6-A2AB-8E745CB7DD30} = {5D40A1B6-8B4B-445D-87BC-851E8796E44F}
		{179D1513-AF88-4F73-843E-9899AD68CB5D} = {5D40A1B6-8B4B-445D-87BC-851E8796E44F}
		{E4637672-69CC-4498-88F6-EE67A9F2BDD4} = {5D40A1B6-8B4B-445D-87BC-851E8796E44F}
		{AF34DB5A-E23F-47BB-A7EB-E93B2A6714E4} = {5D40A1B6-8B4B-445D-87BC-851E8796E44F}
		{1E317B1C-E9AA-4E61-AB15-A9B01A7A055E} = {6DC10C52-A152-43FE-AEF7-F892389FDDB2}
		{536E9F9D-0C7B-489E-9557-5D39D63A8BD7} = {1E317B1C-E9AA-4E61-AB15-A9B01A7A055E}
		{9CC05969-E571-4ECE-A5CC-730954B60B2B} = {5D40A1B6-8B4B-445D-87BC-851E8796E44F}
		{A30CA6BF-B6FC-4B49-8F92-6CD9DC187634} = {6DC10C52-A152-43FE-AEF7-F892389FDDB2}
		{49209539-44BB-4EF8-AF6C-20D778E739F7} = {A30CA6BF-B6FC-4B49-8F92-6CD9DC187634}
		{3FE590C4-F75F-484D-A40D-37F898371CC7} = {5D40A1B6-8B4B-445D-87BC-851E8796E44F}
	EndGlobalSection
	GlobalSection(ExtensibilityGlobals) = postSolution
		SolutionGuid = {D19BF1CF-946C-4A08-A01C-49F0869E9455}
	EndGlobalSection
EndGlobal
